# THIS IS AN AUTOGENERATED FILE. DO NOT EDIT THIS FILE DIRECTLY.
# yarn lockfile v1


zenn-cli@^0.1.132:
  version "0.1.132"
  resolved "https://registry.yarnpkg.com/zenn-cli/-/zenn-cli-0.1.132.tgz#ec5af3817035d4015a72aa9340d5523185204300"
  integrity sha512-5u4EZwIdtiVZCK8H4PdxcN86NeXz/toIvYX2q2Os1gowkDMi+Bxi/gq+SZKJ53EnTCe2njR0yLFYMXOS5S6a2Q==
