# THIS IS AN AUTOGENERATED FILE. DO NOT EDIT THIS FILE DIRECTLY.
# yarn lockfile v1


zenn-cli@^0.1.159:
  version "0.1.159"
  resolved "https://registry.yarnpkg.com/zenn-cli/-/zenn-cli-0.1.159.tgz#d6f626041c8993a0cf2c3e36141d2e79d7c537b4"
  integrity sha512-a4/Lkg3DnxWlYh2Z0abuvvmpQc0BnfTQrVyNQxYm+IOrwGJepZabwWTT0Q3eZ3r7hAV/xd8MZsmZL3y3pzMpAA==
